{
  "version": 4,
  "terraform_version": "1.11.1",
  "serial": 27,
  "lineage": "3556a0af-2715-b488-ddfc-bd10af7226e1",
  "outputs": {},
  "resources": [
    {
      "mode": "managed",
      "type": "local_file",
      "name": "tf_simple_file_resource",
      "provider": "provider[\"registry.terraform.io/hashicorp/local\"]",
      "instances": [
        {
          "schema_version": 0,
          "attributes": {
            "content": "This is a simple file.",
            "content_base64": null,
            "content_base64sha256": "YkTZYbJm0u1NChVuOGwQ1GfNFJQWCLrrK2cR8MpOGtg=",
            "content_base64sha512": "sSjEA0yUiq2/Cd3+JE1xv9cjHubJFvUs4dBraLxM+LKpQECNqTxlcOJnvyWHrNp2TjPxS74IPHUWQ/4G9oUCmA==",
            "content_md5": "4102458bd169b0998c0197eecb3c2df3",
            "content_sha1": "f71e804bf749309e1f32b1154c67882cd722557e",
            "content_sha256": "6244d961b266d2ed4d0a156e386c10d467cd14941608baeb2b6711f0ca4e1ad8",
            "content_sha512": "b128c4034c948aadbf09ddfe244d71bfd7231ee6c916f52ce1d06b68bc4cf8b2a940408da93c6570e267bf2587acda764e33f14bbe083c751643fe06f6850298",
            "directory_permission": "0777",
            "file_permission": "0777",
            "filename": "./simple_file.txt",
            "id": "f71e804bf749309e1f32b1154c67882cd722557e",
            "sensitive_content": null,
            "source": null
          },
          "sensitive_attributes": [
            [
              {
                "type": "get_attr",
                "value": "sensitive_content"
              }
            ]
          ]
        }
      ]
    },
    {
      "mode": "managed",
      "type": "local_sensitive_file",
      "name": "tf_sensitive_file_resource",
      "provider": "provider[\"registry.terraform.io/hashicorp/local\"]",
      "instances": [
        {
          "index_key": 0,
          "schema_version": 0,
          "attributes": {
            "content": "This is a sensitive file.",
            "content_base64": null,
            "content_base64sha256": "v/KmeQqMArGTSFTMAZERJYZuKezDN2kwKDPKrDhEpgk=",
            "content_base64sha512": "wGn5IGMHscwyqgjwvy11t+0Apr8jMw25uQB1bgT4bEc70/cDbKSfltAwhXdsXUEVlvE/7q1Cdry4P/TlAfvLrA==",
            "content_md5": "fb78248c0fdf1e8cc7d9b81af2423b16",
            "content_sha1": "33629e1969e087f33d261aa7324ea8f4b5507821",
            "content_sha256": "bff2a6790a8c02b1934854cc01911125866e29ecc33769302833caac3844a609",
            "content_sha512": "c069f9206307b1cc32aa08f0bf2d75b7ed00a6bf23330db9b900756e04f86c473bd3f7036ca49f96d03085776c5d411596f13feead4276bcb83ff4e501fbcbac",
            "directory_permission": "0700",
            "file_permission": "0700",
            "filename": "./sensitive-0.txt",
            "id": "33629e1969e087f33d261aa7324ea8f4b5507821",
            "source": null
          },
          "sensitive_attributes": [
            [
              {
                "type": "get_attr",
                "value": "content_base64"
              }
            ],
            [
              {
                "type": "get_attr",
                "value": "content"
              }
            ]
          ]
        },
        {
          "index_key": 1,
          "schema_version": 0,
          "attributes": {
            "content": "This is a sensitive file.",
            "content_base64": null,
            "content_base64sha256": "v/KmeQqMArGTSFTMAZERJYZuKezDN2kwKDPKrDhEpgk=",
            "content_base64sha512": "wGn5IGMHscwyqgjwvy11t+0Apr8jMw25uQB1bgT4bEc70/cDbKSfltAwhXdsXUEVlvE/7q1Cdry4P/TlAfvLrA==",
            "content_md5": "fb78248c0fdf1e8cc7d9b81af2423b16",
            "content_sha1": "33629e1969e087f33d261aa7324ea8f4b5507821",
            "content_sha256": "bff2a6790a8c02b1934854cc01911125866e29ecc33769302833caac3844a609",
            "content_sha512": "c069f9206307b1cc32aa08f0bf2d75b7ed00a6bf23330db9b900756e04f86c473bd3f7036ca49f96d03085776c5d411596f13feead4276bcb83ff4e501fbcbac",
            "directory_permission": "0700",
            "file_permission": "0700",
            "filename": "./sensitive-1.txt",
            "id": "33629e1969e087f33d261aa7324ea8f4b5507821",
            "source": null
          },
          "sensitive_attributes": [
            [
              {
                "type": "get_attr",
                "value": "content"
              }
            ],
            [
              {
                "type": "get_attr",
                "value": "content_base64"
              }
            ]
          ]
        },
        {
          "index_key": 2,
          "schema_version": 0,
          "attributes": {
            "content": "This is a sensitive file.",
            "content_base64": null,
            "content_base64sha256": "v/KmeQqMArGTSFTMAZERJYZuKezDN2kwKDPKrDhEpgk=",
            "content_base64sha512": "wGn5IGMHscwyqgjwvy11t+0Apr8jMw25uQB1bgT4bEc70/cDbKSfltAwhXdsXUEVlvE/7q1Cdry4P/TlAfvLrA==",
            "content_md5": "fb78248c0fdf1e8cc7d9b81af2423b16",
            "content_sha1": "33629e1969e087f33d261aa7324ea8f4b5507821",
            "content_sha256": "bff2a6790a8c02b1934854cc01911125866e29ecc33769302833caac3844a609",
            "content_sha512": "c069f9206307b1cc32aa08f0bf2d75b7ed00a6bf23330db9b900756e04f86c473bd3f7036ca49f96d03085776c5d411596f13feead4276bcb83ff4e501fbcbac",
            "directory_permission": "0700",
            "file_permission": "0700",
            "filename": "./sensitive-2.txt",
            "id": "33629e1969e087f33d261aa7324ea8f4b5507821",
            "source": null
          },
          "sensitive_attributes": [
            [
              {
                "type": "get_attr",
                "value": "content"
              }
            ],
            [
              {
                "type": "get_attr",
                "value": "content_base64"
              }
            ]
          ]
        }
      ]
    }
  ],
  "check_results": null
}
