{
  "version": 4,
  "terraform_version": "1.11.1",
  "serial": 12,
  "lineage": "3103dd5d-b577-b937-815d-26c9a87d0ad4",
  "outputs": {},
  "resources": [
    {
      "mode": "managed",
      "type": "local_file",
      "name": "service_configs",
      "provider": "provider[\"registry.terraform.io/hashicorp/local\"]",
      "instances": [
        {
          "schema_version": 0,
          "attributes": {
            "content": "  environment=dev\n  port=3000\n",
            "content_base64": null,
            "content_base64sha256": "GOGzTmSYV+y9vLdFEn4j2+t6O3sJs79Gbev6NscCQKg=",
            "content_base64sha512": "7Y2zc5QSAh4ztedA22sXPZCt5bTTrSlgUQECNllB1Xb4vBZuB70GFYj0avtn1cM215/fEQ9xgNYUjCZT9S7qQw==",
            "content_md5": "2f2c794f383f9079812fdb6b7cdea376",
            "content_sha1": "47ec4e11bf5b096ed4b59dfff24fb651e1c9455d",
            "content_sha256": "18e1b34e649857ecbdbcb745127e23dbeb7a3b7b09b3bf466debfa36c70240a8",
            "content_sha512": "ed8db3739412021e33b5e740db6b173d90ade5b4d3ad2960510102365941d576f8bc166e07bd061588f46afb67d5c336d79fdf110f7180d6148c2653f52eea43",
            "directory_permission": "0777",
            "file_permission": "0777",
            "filename": "./configs/DEV/server.sh",
            "id": "47ec4e11bf5b096ed4b59dfff24fb651e1c9455d",
            "sensitive_content": null,
            "source": null
          },
          "sensitive_attributes": [
            [
              {
                "type": "get_attr",
                "value": "sensitive_content"
              }
            ]
          ]
        }
      ]
    }
  ],
  "check_results": null
}
